// !$*UTF8*$!
{
	archiveVersion = 1;
	classes = {
	};
	objectVersion = 46;
	objects = {

/* Begin PBXBuildFile section */
		FA7602F718C598BF00A956B5 /* Foundation.framework in Frameworks */ = {isa = PBXBuildFile; fileRef = FA7602F618C598BF00A956B5 /* Foundation.framework */; };
		FA7602F918C598BF00A956B5 /* CoreGraphics.framework in Frameworks */ = {isa = PBXBuildFile; fileRef = FA7602F818C598BF00A956B5 /* CoreGraphics.framework */; };
		FA7602FB18C598BF00A956B5 /* UIKit.framework in Frameworks */ = {isa = PBXBuildFile; fileRef = FA7602FA18C598BF00A956B5 /* UIKit.framework */; };
		FA76030118C598BF00A956B5 /* InfoPlist.strings in Resources */ = {isa = PBXBuildFile; fileRef = FA7602FF18C598BF00A956B5 /* InfoPlist.strings */; };
		FA76030318C598BF00A956B5 /* main.m in Sources */ = {isa = PBXBuildFile; fileRef = FA76030218C598BF00A956B5 /* main.m */; };
		FA76030718C598BF00A956B5 /* AppDelegate.m in Sources */ = {isa = PBXBuildFile; fileRef = FA76030618C598BF00A956B5 /* AppDelegate.m */; };
		FA76030A18C598BF00A956B5 /* Main.storyboard in Resources */ = {isa = PBXBuildFile; fileRef = FA76030818C598BF00A956B5 /* Main.storyboard */; };
		FA76030D18C598BF00A956B5 /* ViewController.m in Sources */ = {isa = PBXBuildFile; fileRef = FA76030C18C598BF00A956B5 /* ViewController.m */; };
		FA76030F18C598BF00A956B5 /* Images.xcassets in Resources */ = {isa = PBXBuildFile; fileRef = FA76030E18C598BF00A956B5 /* Images.xcassets */; };
		FA76031618C598BF00A956B5 /* XCTest.framework in Frameworks */ = {isa = PBXBuildFile; fileRef = FA76031518C598BF00A956B5 /* XCTest.framework */; };
		FA76031718C598BF00A956B5 /* Foundation.framework in Frameworks */ = {isa = PBXBuildFile; fileRef = FA7602F618C598BF00A956B5 /* Foundation.framework */; };
		FA76031818C598BF00A956B5 /* UIKit.framework in Frameworks */ = {isa = PBXBuildFile; fileRef = FA7602FA18C598BF00A956B5 /* UIKit.framework */; };
		FA76032018C598BF00A956B5 /* InfoPlist.strings in Resources */ = {isa = PBXBuildFile; fileRef = FA76031E18C598BF00A956B5 /* InfoPlist.strings */; };
		FA76032218C598BF00A956B5 /* DGGridViewTests.m in Sources */ = {isa = PBXBuildFile; fileRef = FA76032118C598BF00A956B5 /* DGGridViewTests.m */; };
/* End PBXBuildFile section */

/* Begin PBXContainerItemProxy section */
		FA76031918C598BF00A956B5 /* PBXContainerItemProxy */ = {
			isa = PBXContainerItemProxy;
			containerPortal = FA7602EB18C598BF00A956B5 /* Project object */;
			proxyType = 1;
			remoteGlobalIDString = FA7602F218C598BF00A956B5;
			remoteInfo = DGGridView;
		};
/* End PBXContainerItemProxy section */

/* Begin PBXFileReference section */
		FA7602F318C598BF00A956B5 /* DGGridView.app */ = {isa = PBXFileReference; explicitFileType = wrapper.application; includeInIndex = 0; path = DGGridView.app; sourceTree = BUILT_PRODUCTS_DIR; };
		FA7602F618C598BF00A956B5 /* Foundation.framework */ = {isa = PBXFileReference; lastKnownFileType = wrapper.framework; name = Foundation.framework; path = System/Library/Frameworks/Foundation.framework; sourceTree = SDKROOT; };
		FA7602F818C598BF00A956B5 /* CoreGraphics.framework */ = {isa = PBXFileReference; lastKnownFileType = wrapper.framework; name = CoreGraphics.framework; path = System/Library/Frameworks/CoreGraphics.framework; sourceTree = SDKROOT; };
		FA7602FA18C598BF00A956B5 /* UIKit.framework */ = {isa = PBXFileReference; lastKnownFileType = wrapper.framework; name = UIKit.framework; path = System/Library/Frameworks/UIKit.framework; sourceTree = SDKROOT; };
		FA7602FE18C598BF00A956B5 /* DGGridView-Info.plist */ = {isa = PBXFileReference; lastKnownFileType = text.plist.xml; path = "DGGridView-Info.plist"; sourceTree = "<group>"; };
		FA76030018C598BF00A956B5 /* en */ = {isa = PBXFileReference; lastKnownFileType = text.plist.strings; name = en; path = en.lproj/InfoPlist.strings; sourceTree = "<group>"; };
		FA76030218C598BF00A956B5 /* main.m */ = {isa = PBXFileReference; lastKnownFileType = sourcecode.c.objc; path = main.m; sourceTree = "<group>"; };
		FA76030418C598BF00A956B5 /* DGGridView-Prefix.pch */ = {isa = PBXFileReference; lastKnownFileType = sourcecode.c.h; path = "DGGridView-Prefix.pch"; sourceTree = "<group>"; };
		FA76030518C598BF00A956B5 /* AppDelegate.h */ = {isa = PBXFileReference; lastKnownFileType = sourcecode.c.h; path = AppDelegate.h; sourceTree = "<group>"; };
		FA76030618C598BF00A956B5 /* AppDelegate.m */ = {isa = PBXFileReference; lastKnownFileType = sourcecode.c.objc; path = AppDelegate.m; sourceTree = "<group>"; };
		FA76030918C598BF00A956B5 /* Base */ = {isa = PBXFileReference; lastKnownFileType = file.storyboard; name = Base; path = Base.lproj/Main.storyboard; sourceTree = "<group>"; };
		FA76030B18C598BF00A956B5 /* ViewController.h */ = {isa = PBXFileReference; lastKnownFileType = sourcecode.c.h; path = ViewController.h; sourceTree = "<group>"; };
		FA76030C18C598BF00A956B5 /* ViewController.m */ = {isa = PBXFileReference; lastKnownFileType = sourcecode.c.objc; path = ViewController.m; sourceTree = "<group>"; };
		FA76030E18C598BF00A956B5 /* Images.xcassets */ = {isa = PBXFileReference; lastKnownFileType = folder.assetcatalog; path = Images.xcassets; sourceTree = "<group>"; };
		FA76031418C598BF00A956B5 /* DGGridViewTests.xctest */ = {isa = PBXFileReference; explicitFileType = wrapper.cfbundle; includeInIndex = 0; path = DGGridViewTests.xctest; sourceTree = BUILT_PRODUCTS_DIR; };
		FA76031518C598BF00A956B5 /* XCTest.framework */ = {isa = PBXFileReference; lastKnownFileType = wrapper.framework; name = XCTest.framework; path = Library/Frameworks/XCTest.framework; sourceTree = DEVELOPER_DIR; };
		FA76031D18C598BF00A956B5 /* DGGridViewTests-Info.plist */ = {isa = PBXFileReference; lastKnownFileType = text.plist.xml; path = "DGGridViewTests-Info.plist"; sourceTree = "<group>"; };
		FA76031F18C598BF00A956B5 /* en */ = {isa = PBXFileReference; lastKnownFileType = text.plist.strings; name = en; path = en.lproj/InfoPlist.strings; sourceTree = "<group>"; };
		FA76032118C598BF00A956B5 /* DGGridViewTests.m */ = {isa = PBXFileReference; lastKnownFileType = sourcecode.c.objc; path = DGGridViewTests.m; sourceTree = "<group>"; };
/* End PBXFileReference section */

/* Begin PBXFrameworksBuildPhase section */
		FA7602F018C598BF00A956B5 /* Frameworks */ = {
			isa = PBXFrameworksBuildPhase;
			buildActionMask = 2147483647;
			files = (
				FA7602F918C598BF00A956B5 /* CoreGraphics.framework in Frameworks */,
				FA7602FB18C598BF00A956B5 /* UIKit.framework in Frameworks */,
				FA7602F718C598BF00A956B5 /* Foundation.framework in Frameworks */,
			);
			runOnlyForDeploymentPostprocessing = 0;
		};
		FA76031118C598BF00A956B5 /* Frameworks */ = {
			isa = PBXFrameworksBuildPhase;
			buildActionMask = 2147483647;
			files = (
				FA76031618C598BF00A956B5 /* XCTest.framework in Frameworks */,
				FA76031818C598BF00A956B5 /* UIKit.framework in Frameworks */,
				FA76031718C598BF00A956B5 /* Foundation.framework in Frameworks */,
			);
			runOnlyForDeploymentPostprocessing = 0;
		};
/* End PBXFrameworksBuildPhase section */

/* Begin PBXGroup section */
		FA7602EA18C598BF00A956B5 = {
			isa = PBXGroup;
			children = (
				FA7602FC18C598BF00A956B5 /* DGGridView */,
				FA76031B18C598BF00A956B5 /* DGGridViewTests */,
				FA7602F518C598BF00A956B5 /* Frameworks */,
				FA7602F418C598BF00A956B5 /* Products */,
			);
			sourceTree = "<group>";
		};
		FA7602F418C598BF00A956B5 /* Products */ = {
			isa = PBXGroup;
			children = (
				FA7602F318C598BF00A956B5 /* DGGridView.app */,
				FA76031418C598BF00A956B5 /* DGGridViewTests.xctest */,
			);
			name = Products;
			sourceTree = "<group>";
		};
		FA7602F518C598BF00A956B5 /* Frameworks */ = {
			isa = PBXGroup;
			children = (
				FA7602F618C598BF00A956B5 /* Foundation.framework */,
				FA7602F818C598BF00A956B5 /* CoreGraphics.framework */,
				FA7602FA18C598BF00A956B5 /* UIKit.framework */,
				FA76031518C598BF00A956B5 /* XCTest.framework */,
			);
			name = Frameworks;
			sourceTree = "<group>";
		};
		FA7602FC18C598BF00A956B5 /* DGGridView */ = {
			isa = PBXGroup;
			children = (
				FA76030518C598BF00A956B5 /* AppDelegate.h */,
				FA76030618C598BF00A956B5 /* AppDelegate.m */,
				FA76030818C598BF00A956B5 /* Main.storyboard */,
				FA76030B18C598BF00A956B5 /* ViewController.h */,
				FA76030C18C598BF00A956B5 /* ViewController.m */,
				FA76030E18C598BF00A956B5 /* Images.xcassets */,
				FA7602FD18C598BF00A956B5 /* Supporting Files */,
			);
			path = DGGridView;
			sourceTree = "<group>";
		};
		FA7602FD18C598BF00A956B5 /* Supporting Files */ = {
			isa = PBXGroup;
			children = (
				FA7602FE18C598BF00A956B5 /* DGGridView-Info.plist */,
				FA7602FF18C598BF00A956B5 /* InfoPlist.strings */,
				FA76030218C598BF00A956B5 /* main.m */,
				FA76030418C598BF00A956B5 /* DGGridView-Prefix.pch */,
			);
			name = "Supporting Files";
			sourceTree = "<group>";
		};
		FA76031B18C598BF00A956B5 /* DGGridViewTests */ = {
			isa = PBXGroup;
			children = (
				FA76032118C598BF00A956B5 /* DGGridViewTests.m */,
				FA76031C18C598BF00A956B5 /* Supporting Files */,
			);
			path = DGGridViewTests;
			sourceTree = "<group>";
		};
		FA76031C18C598BF00A956B5 /* Supporting Files */ = {
			isa = PBXGroup;
			children = (
				FA76031D18C598BF00A956B5 /* DGGridViewTests-Info.plist */,
				FA76031E18C598BF00A956B5 /* InfoPlist.strings */,
			);
			name = "Supporting Files";
			sourceTree = "<group>";
		};
/* End PBXGroup section */

/* Begin PBXNativeTarget section */
		FA7602F218C598BF00A956B5 /* DGGridView */ = {
			isa = PBXNativeTarget;
			buildConfigurationList = FA76032518C598BF00A956B5 /* Build configuration list for PBXNativeTarget "DGGridView" */;
			buildPhases = (
				FA7602EF18C598BF00A956B5 /* Sources */,
				FA7602F018C598BF00A956B5 /* Frameworks */,
				FA7602F118C598BF00A956B5 /* Resources */,
			);
			buildRules = (
			);
			dependencies = (
			);
			name = DGGridView;
			productName = DGGridView;
			productReference = FA7602F318C598BF00A956B5 /* DGGridView.app */;
			productType = "com.apple.product-type.application";
		};
		FA76031318C598BF00A956B5 /* DGGridViewTests */ = {
			isa = PBXNativeTarget;
			buildConfigurationList = FA76032818C598BF00A956B5 /* Build configuration list for PBXNativeTarget "DGGridViewTests" */;
			buildPhases = (
				FA76031018C598BF00A956B5 /* Sources */,
				FA76031118C598BF00A956B5 /* Frameworks */,
				FA76031218C598BF00A956B5 /* Resources */,
			);
			buildRules = (
			);
			dependencies = (
				FA76031A18C598BF00A956B5 /* PBXTargetDependency */,
			);
			name = DGGridViewTests;
			productName = DGGridViewTests;
			productReference = FA76031418C598BF00A956B5 /* DGGridViewTests.xctest */;
			productType = "com.apple.product-type.bundle.unit-test";
		};
/* End PBXNativeTarget section */

/* Begin PBXProject section */
		FA7602EB18C598BF00A956B5 /* Project object */ = {
			isa = PBXProject;
			attributes = {
				LastUpgradeCheck = 0500;
				ORGANIZATIONNAME = 302lab;
				TargetAttributes = {
					FA76031318C598BF00A956B5 = {
						TestTargetID = FA7602F218C598BF00A956B5;
					};
				};
			};
			buildConfigurationList = FA7602EE18C598BF00A956B5 /* Build configuration list for PBXProject "DGGridView" */;
			compatibilityVersion = "Xcode 3.2";
			developmentRegion = English;
			hasScannedForEncodings = 0;
			knownRegions = (
				en,
				Base,
			);
			mainGroup = FA7602EA18C598BF00A956B5;
			productRefGroup = FA7602F418C598BF00A956B5 /* Products */;
			projectDirPath = "";
			projectRoot = "";
			targets = (
				FA7602F218C598BF00A956B5 /* DGGridView */,
				FA76031318C598BF00A956B5 /* DGGridViewTests */,
			);
		};
/* End PBXProject section */

/* Begin PBXResourcesBuildPhase section */
		FA7602F118C598BF00A956B5 /* Resources */ = {
			isa = PBXResourcesBuildPhase;
			buildActionMask = 2147483647;
			files = (
				FA76030F18C598BF00A956B5 /* Images.xcassets in Resources */,
				FA76030118C598BF00A956B5 /* InfoPlist.strings in Resources */,
				FA76030A18C598BF00A956B5 /* Main.storyboard in Resources */,
			);
			runOnlyForDeploymentPostprocessing = 0;
		};
		FA76031218C598BF00A956B5 /* Resources */ = {
			isa = PBXResourcesBuildPhase;
			buildActionMask = 2147483647;
			files = (
				FA76032018C598BF00A956B5 /* InfoPlist.strings in Resources */,
			);
			runOnlyForDeploymentPostprocessing = 0;
		};
/* End PBXResourcesBuildPhase section */

/* Begin PBXSourcesBuildPhase section */
		FA7602EF18C598BF00A956B5 /* Sources */ = {
			isa = PBXSourcesBuildPhase;
			buildActionMask = 2147483647;
			files = (
				FA76030D18C598BF00A956B5 /* ViewController.m in Sources */,
				FA76030718C598BF00A956B5 /* AppDelegate.m in Sources */,
				FA76030318C598BF00A956B5 /* main.m in Sources */,
			);
			runOnlyForDeploymentPostprocessing = 0;
		};
		FA76031018C598BF00A956B5 /* Sources */ = {
			isa = PBXSourcesBuildPhase;
			buildActionMask = 2147483647;
			files = (
				FA76032218C598BF00A956B5 /* DGGridViewTests.m in Sources */,
			);
			runOnlyForDeploymentPostprocessing = 0;
		};
/* End PBXSourcesBuildPhase section */

/* Begin PBXTargetDependency section */
		FA76031A18C598BF00A956B5 /* PBXTargetDependency */ = {
			isa = PBXTargetDependency;
			target = FA7602F218C598BF00A956B5 /* DGGridView */;
			targetProxy = FA76031918C598BF00A956B5 /* PBXContainerItemProxy */;
		};
/* End PBXTargetDependency section */

/* Begin PBXVariantGroup section */
		FA7602FF18C598BF00A956B5 /* InfoPlist.strings */ = {
			isa = PBXVariantGroup;
			children = (
				FA76030018C598BF00A956B5 /* en */,
			);
			name = InfoPlist.strings;
			sourceTree = "<group>";
		};
		FA76030818C598BF00A956B5 /* Main.storyboard */ = {
			isa = PBXVariantGroup;
			children = (
				FA76030918C598BF00A956B5 /* Base */,
			);
			name = Main.storyboard;
			sourceTree = "<group>";
		};
		FA76031E18C598BF00A956B5 /* InfoPlist.strings */ = {
			isa = PBXVariantGroup;
			children = (
				FA76031F18C598BF00A956B5 /* en */,
			);
			name = InfoPlist.strings;
			sourceTree = "<group>";
		};
/* End PBXVariantGroup section */

/* Begin XCBuildConfiguration section */
		FA76032318C598BF00A956B5 /* Debug */ = {
			isa = XCBuildConfiguration;
			buildSettings = {
				ALWAYS_SEARCH_USER_PATHS = NO;
				ARCHS = "$(ARCHS_STANDARD_INCLUDING_64_BIT)";
				CLANG_CXX_LANGUAGE_STANDARD = "gnu++0x";
				CLANG_CXX_LIBRARY = "libc++";
				CLANG_ENABLE_MODULES = YES;
				CLANG_ENABLE_OBJC_ARC = YES;
				CLANG_WARN_BOOL_CONVERSION = YES;
				CLANG_WARN_CONSTANT_CONVERSION = YES;
				CLANG_WARN_DIRECT_OBJC_ISA_USAGE = YES_ERROR;
				CLANG_WARN_EMPTY_BODY = YES;
				CLANG_WARN_ENUM_CONVERSION = YES;
				CLANG_WARN_INT_CONVERSION = YES;
				CLANG_WARN_OBJC_ROOT_CLASS = YES_ERROR;
				CLANG_WARN__DUPLICATE_METHOD_MATCH = YES;
				"CODE_SIGN_IDENTITY[sdk=iphoneos*]" = "iPhone Developer";
				COPY_PHASE_STRIP = NO;
				GCC_C_LANGUAGE_STANDARD = gnu99;
				GCC_DYNAMIC_NO_PIC = NO;
				GCC_OPTIMIZATION_LEVEL = 0;
				GCC_PREPROCESSOR_DEFINITIONS = (
					"DEBUG=1",
					"$(inherited)",
				);
				GCC_SYMBOLS_PRIVATE_EXTERN = NO;
				GCC_WARN_64_TO_32_BIT_CONVERSION = YES;
				GCC_WARN_ABOUT_RETURN_TYPE = YES_ERROR;
				GCC_WARN_UNDECLARED_SELECTOR = YES;
				GCC_WARN_UNINITIALIZED_AUTOS = YES;
				GCC_WARN_UNUSED_FUNCTION = YES;
				GCC_WARN_UNUSED_VARIABLE = YES;
				IPHONEOS_DEPLOYMENT_TARGET = 7.0;
				ONLY_ACTIVE_ARCH = YES;
				SDKROOT = iphoneos;
			};
			name = Debug;
		};
		FA76032418C598BF00A956B5 /* Release */ = {
			isa = XCBuildConfiguration;
			buildSettings = {
				ALWAYS_SEARCH_USER_PATHS = NO;
				ARCHS = "$(ARCHS_STANDARD_INCLUDING_64_BIT)";
				CLANG_CXX_LANGUAGE_STANDARD = "gnu++0x";
				CLANG_CXX_LIBRARY = "libc++";
				CLANG_ENABLE_MODULES = YES;
				CLANG_ENABLE_OBJC_ARC = YES;
				CLANG_WARN_BOOL_CONVERSION = YES;
				CLANG_WARN_CONSTANT_CONVERSION = YES;
				CLANG_WARN_DIRECT_OBJC_ISA_USAGE = YES_ERROR;
				CLANG_WARN_EMPTY_BODY = YES;
				CLANG_WARN_ENUM_CONVERSION = YES;
				CLANG_WARN_INT_CONVERSION = YES;
				CLANG_WARN_OBJC_ROOT_CLASS = YES_ERROR;
				CLANG_WARN__DUPLICATE_METHOD_MATCH = YES;
				"CODE_SIGN_IDENTITY[sdk=iphoneos*]" = "iPhone Developer";
				COPY_PHASE_STRIP = YES;
				ENABLE_NS_ASSERTIONS = NO;
				GCC_C_LANGUAGE_STANDARD = gnu99;
				GCC_WARN_64_TO_32_BIT_CONVERSION = YES;
				GCC_WARN_ABOUT_RETURN_TYPE = YES_ERROR;
				GCC_WARN_UNDECLARED_SELECTOR = YES;
				GCC_WARN_UNINITIALIZED_AUTOS = YES;
				GCC_WARN_UNUSED_FUNCTION = YES;
				GCC_WARN_UNUSED_VARIABLE = YES;
				IPHONEOS_DEPLOYMENT_TARGET = 7.0;
				SDKROOT = iphoneos;
				VALIDATE_PRODUCT = YES;
			};
			name = Release;
		};
		FA76032618C598BF00A956B5 /* Debug */ = {
			isa = XCBuildConfiguration;
			buildSettings = {
				ASSETCATALOG_COMPILER_APPICON_NAME = AppIcon;
				ASSETCATALOG_COMPILER_LAUNCHIMAGE_NAME = LaunchImage;
				GCC_PRECOMPILE_PREFIX_HEADER = YES;
				GCC_PREFIX_HEADER = "DGGridView/DGGridView-Prefix.pch";
				INFOPLIST_FILE = "DGGridView/DGGridView-Info.plist";
				PRODUCT_NAME = "$(TARGET_NAME)";
				WRAPPER_EXTENSION = app;
			};
			name = Debug;
		};
		FA76032718C598BF00A956B5 /* Release */ = {
			isa = XCBuildConfiguration;
			buildSettings = {
				ASSETCATALOG_COMPILER_APPICON_NAME = AppIcon;
				ASSETCATALOG_COMPILER_LAUNCHIMAGE_NAME = LaunchImage;
				GCC_PRECOMPILE_PREFIX_HEADER = YES;
				GCC_PREFIX_HEADER = "DGGridView/DGGridView-Prefix.pch";
				INFOPLIST_FILE = "DGGridView/DGGridView-Info.plist";
				PRODUCT_NAME = "$(TARGET_NAME)";
				WRAPPER_EXTENSION = app;
			};
			name = Release;
		};
		FA76032918C598BF00A956B5 /* Debug */ = {
			isa = XCBuildConfiguration;
			buildSettings = {
				ARCHS = "$(ARCHS_STANDARD_INCLUDING_64_BIT)";
				BUNDLE_LOADER = "$(BUILT_PRODUCTS_DIR)/DGGridView.app/DGGridView";
				FRAMEWORK_SEARCH_PATHS = (
					"$(SDKROOT)/Developer/Library/Frameworks",
					"$(inherited)",
					"$(DEVELOPER_FRAMEWORKS_DIR)",
				);
				GCC_PRECOMPILE_PREFIX_HEADER = YES;
				GCC_PREFIX_HEADER = "DGGridView/DGGridView-Prefix.pch";
				GCC_PREPROCESSOR_DEFINITIONS = (
					"DEBUG=1",
					"$(inherited)",
				);
				INFOPLIST_FILE = "DGGridViewTests/DGGridViewTests-Info.plist";
				PRODUCT_NAME = "$(TARGET_NAME)";
				TEST_HOST = "$(BUNDLE_LOADER)";
				WRAPPER_EXTENSION = xctest;
			};
			name = Debug;
		};
		FA76032A18C598BF00A956B5 /* Release */ = {
			isa = XCBuildConfiguration;
			buildSettings = {
				ARCHS = "$(ARCHS_STANDARD_INCLUDING_64_BIT)";
				BUNDLE_LOADER = "$(BUILT_PRODUCTS_DIR)/DGGridView.app/DGGridView";
				FRAMEWORK_SEARCH_PATHS = (
					"$(SDKROOT)/Developer/Library/Frameworks",
					"$(inherited)",
					"$(DEVELOPER_FRAMEWORKS_DIR)",
				);
				GCC_PRECOMPILE_PREFIX_HEADER = YES;
				GCC_PREFIX_HEADER = "DGGridView/DGGridView-Prefix.pch";
				INFOPLIST_FILE = "DGGridViewTests/DGGridViewTests-Info.plist";
				PRODUCT_NAME = "$(TARGET_NAME)";
				TEST_HOST = "$(BUNDLE_LOADER)";
				WRAPPER_EXTENSION = xctest;
			};
			name = Release;
		};
/* End XCBuildConfiguration section */

/* Begin XCConfigurationList section */
		FA7602EE18C598BF00A956B5 /* Build configuration list for PBXProject "DGGridView" */ = {
			isa = XCConfigurationList;
			buildConfigurations = (
				FA76032318C598BF00A956B5 /* Debug */,
				FA76032418C598BF00A956B5 /* Release */,
			);
			defaultConfigurationIsVisible = 0;
			defaultConfigurationName = Release;
		};
		FA76032518C598BF00A956B5 /* Build configuration list for PBXNativeTarget "DGGridView" */ = {
			isa = XCConfigurationList;
			buildConfigurations = (
				FA76032618C598BF00A956B5 /* Debug */,
				FA76032718C598BF00A956B5 /* Release */,
			);
			defaultConfigurationIsVisible = 0;
		};
		FA76032818C598BF00A956B5 /* Build configuration list for PBXNativeTarget "DGGridViewTests" */ = {
			isa = XCConfigurationList;
			buildConfigurations = (
				FA76032918C598BF00A956B5 /* Debug */,
				FA76032A18C598BF00A956B5 /* Release */,
			);
			defaultConfigurationIsVisible = 0;
		};
/* End XCConfigurationList section */
	};
	rootObject = FA7602EB18C598BF00A956B5 /* Project object */;
}
